
Microsoft Visual Studio Solution File, Format Version 12.00
# Visual Studio Version 17
VisualStudioVersion = 17.0.31903.59
MinimumVisualStudioVersion = 10.0.40219.1
Project("{2150E333-8FDC-42A3-9474-1A3956D46DE8}") = "test", "test", "{2EE63CC1-9F1F-429E-BEE7-0CB3319F52B6}"
EndProject
Project("{FAE04EC0-301F-11D3-BF4B-00C04F79EFBC}") = "hello-world-lambda-csharp.Tests", "test\hello-world-lambda-csharp.Tests\hello-world-lambda-csharp.Tests.csproj", "{C3AD46DE-DD50-4175-8F14-9965A300EE71}"
EndProject
Project("{2150E333-8FDC-42A3-9474-1A3956D46DE8}") = "src", "src", "{27496FE7-E049-4089-A419-67D03F391CA7}"
EndProject
Project("{FAE04EC0-301F-11D3-BF4B-00C04F79EFBC}") = "hello-world-lambda-csharp", "src\hello-world-lambda-csharp\hello-world-lambda-csharp.csproj", "{0D8D1944-6232-4524-9921-00832B2F983C}"
EndProject
Global
	GlobalSection(SolutionConfigurationPlatforms) = preSolution
		Debug|Any CPU = Debug|Any CPU
		Release|Any CPU = Release|Any CPU
	EndGlobalSection
	GlobalSection(SolutionProperties) = preSolution
		HideSolutionNode = FALSE
	EndGlobalSection
	GlobalSection(ProjectConfigurationPlatforms) = postSolution
		{C3AD46DE-DD50-4175-8F14-9965A300EE71}.Debug|Any CPU.ActiveCfg = Debug|Any CPU
		{C3AD46DE-DD50-4175-8F14-9965A300EE71}.Debug|Any CPU.Build.0 = Debug|Any CPU
		{C3AD46DE-DD50-4175-8F14-9965A300EE71}.Release|Any CPU.ActiveCfg = Release|Any CPU
		{C3AD46DE-DD50-4175-8F14-9965A300EE71}.Release|Any CPU.Build.0 = Release|Any CPU
		{0D8D1944-6232-4524-9921-00832B2F983C}.Debug|Any CPU.ActiveCfg = Debug|Any CPU
		{0D8D1944-6232-4524-9921-00832B2F983C}.Debug|Any CPU.Build.0 = Debug|Any CPU
		{0D8D1944-6232-4524-9921-00832B2F983C}.Release|Any CPU.ActiveCfg = Release|Any CPU
		{0D8D1944-6232-4524-9921-00832B2F983C}.Release|Any CPU.Build.0 = Release|Any CPU
	EndGlobalSection
	GlobalSection(NestedProjects) = preSolution
		{C3AD46DE-DD50-4175-8F14-9965A300EE71} = {2EE63CC1-9F1F-429E-BEE7-0CB3319F52B6}
		{0D8D1944-6232-4524-9921-00832B2F983C} = {27496FE7-E049-4089-A419-67D03F391CA7}
	EndGlobalSection
EndGlobal
